{
  "name": "server",
  "version": "1.0.0",
  "lockfileVersion": 1,
  "requires": true,
  "dependencies": {
    "typescript": {
      "version": "3.9.3",
      "resolved": "https://tr1.jfrog.io/tr1/api/npm/npm/typescript/-/typescript-3.9.3.tgz",
      "integrity": "sha1-06yIg6l8JhOeQt9ek+7s4z1hC4o=",
      "dev": true
    }
  }
}
